
Microsoft Visual Studio Solution File, Format Version 12.00
# Visual Studio 15
VisualStudioVersion = 15.0.27703.2018
MinimumVisualStudioVersion = 10.0.40219.1
Project("{FAE04EC0-301F-11D3-BF4B-00C04F79EFBC}") = "Calc App", "Calc App\Calc App.csproj", "{B51B40F1-3447-439A-9C5A-32CDE1E99F6F}"
EndProject
Global
	GlobalSection(SolutionConfigurationPlatforms) = preSolution
		Debug|Any CPU = Debug|Any CPU
		Release|Any CPU = Release|Any CPU
	EndGlobalSection
	GlobalSection(ProjectConfigurationPlatforms) = postSolution
		{B51B40F1-3447-439A-9C5A-32CDE1E99F6F}.Debug|Any CPU.ActiveCfg = Debug|Any CPU
		{B51B40F1-3447-439A-9C5A-32CDE1E99F6F}.Debug|Any CPU.Build.0 = Debug|Any CPU
		{B51B40F1-3447-439A-9C5A-32CDE1E99F6F}.Release|Any CPU.ActiveCfg = Release|Any CPU
		{B51B40F1-3447-439A-9C5A-32CDE1E99F6F}.Release|Any CPU.Build.0 = Release|Any CPU
	EndGlobalSection
	GlobalSection(SolutionProperties) = preSolution
		HideSolutionNode = FALSE
	EndGlobalSection
	GlobalSection(ExtensibilityGlobals) = postSolution
		SolutionGuid = {8C518778-DC36-43ED-B3F5-ABBEBECE63D3}
	EndGlobalSection
EndGlobal
